// !$*UTF8*$!
{
	archiveVersion = 1;
	classes = {
	};
	objectVersion = 48;
	objects = {

/* Begin PBXBuildFile section */
		59254DA31F68E2EB00347BE9 /* AppDelegate.swift in Sources */ = {isa = PBXBuildFile; fileRef = 59254DA21F68E2EB00347BE9 /* AppDelegate.swift */; };
		59254DA51F68E2EB00347BE9 /* CatergoriesVC.swift in Sources */ = {isa = PBXBuildFile; fileRef = 59254DA41F68E2EB00347BE9 /* CatergoriesVC.swift */; };
		59254DA81F68E2EB00347BE9 /* Main.storyboard in Resources */ = {isa = PBXBuildFile; fileRef = 59254DA61F68E2EB00347BE9 /* Main.storyboard */; };
		59254DAA1F68E2EB00347BE9 /* Assets.xcassets in Resources */ = {isa = PBXBuildFile; fileRef = 59254DA91F68E2EB00347BE9 /* Assets.xcassets */; };
		59254DAD1F68E2EB00347BE9 /* LaunchScreen.storyboard in Resources */ = {isa = PBXBuildFile; fileRef = 59254DAB1F68E2EB00347BE9 /* LaunchScreen.storyboard */; };
		59254DBB1F68EA9500347BE9 /* CategoryTableViewCell.swift in Sources */ = {isa = PBXBuildFile; fileRef = 59254DBA1F68EA9500347BE9 /* CategoryTableViewCell.swift */; };
		594D0F071F6A3CCB0069D1C9 /* Category.swift in Sources */ = {isa = PBXBuildFile; fileRef = 594D0F061F6A3CCB0069D1C9 /* Category.swift */; };
		59D6CB701F6DB08F00E4CFA9 /* ProductCell.swift in Sources */ = {isa = PBXBuildFile; fileRef = 59D6CB6F1F6DB08F00E4CFA9 /* ProductCell.swift */; };
		59D6CB721F6DBD2700E4CFA9 /* Product.swift in Sources */ = {isa = PBXBuildFile; fileRef = 59D6CB711F6DBD2700E4CFA9 /* Product.swift */; };
		59FE370E1F6C4B910065E82E /* DataService.swift in Sources */ = {isa = PBXBuildFile; fileRef = 59FE370D1F6C4B910065E82E /* DataService.swift */; };
/* End PBXBuildFile section */

/* Begin PBXFileReference section */
		59254D9F1F68E2EB00347BE9 /* CoderSwag.app */ = {isa = PBXFileReference; explicitFileType = wrapper.application; includeInIndex = 0; path = CoderSwag.app; sourceTree = BUILT_PRODUCTS_DIR; };
		59254DA21F68E2EB00347BE9 /* AppDelegate.swift */ = {isa = PBXFileReference; lastKnownFileType = sourcecode.swift; path = AppDelegate.swift; sourceTree = "<group>"; };
		59254DA41F68E2EB00347BE9 /* CatergoriesVC.swift */ = {isa = PBXFileReference; lastKnownFileType = sourcecode.swift; path = CatergoriesVC.swift; sourceTree = "<group>"; };
		59254DA71F68E2EB00347BE9 /* Base */ = {isa = PBXFileReference; lastKnownFileType = file.storyboard; name = Base; path = Base.lproj/Main.storyboard; sourceTree = "<group>"; };
		59254DA91F68E2EB00347BE9 /* Assets.xcassets */ = {isa = PBXFileReference; lastKnownFileType = folder.assetcatalog; path = Assets.xcassets; sourceTree = "<group>"; };
		59254DAC1F68E2EB00347BE9 /* Base */ = {isa = PBXFileReference; lastKnownFileType = file.storyboard; name = Base; path = Base.lproj/LaunchScreen.storyboard; sourceTree = "<group>"; };
		59254DAE1F68E2EB00347BE9 /* Info.plist */ = {isa = PBXFileReference; lastKnownFileType = text.plist.xml; path = Info.plist; sourceTree = "<group>"; };
		59254DBA1F68EA9500347BE9 /* CategoryTableViewCell.swift */ = {isa = PBXFileReference; lastKnownFileType = sourcecode.swift; path = CategoryTableViewCell.swift; sourceTree = "<group>"; };
		594D0F061F6A3CCB0069D1C9 /* Category.swift */ = {isa = PBXFileReference; lastKnownFileType = sourcecode.swift; path = Category.swift; sourceTree = "<group>"; };
		59D6CB6F1F6DB08F00E4CFA9 /* ProductCell.swift */ = {isa = PBXFileReference; lastKnownFileType = sourcecode.swift; path = ProductCell.swift; sourceTree = "<group>"; };
		59D6CB711F6DBD2700E4CFA9 /* Product.swift */ = {isa = PBXFileReference; lastKnownFileType = sourcecode.swift; path = Product.swift; sourceTree = "<group>"; };
		59FE370D1F6C4B910065E82E /* DataService.swift */ = {isa = PBXFileReference; lastKnownFileType = sourcecode.swift; path = DataService.swift; sourceTree = "<group>"; };
/* End PBXFileReference section */

/* Begin PBXFrameworksBuildPhase section */
		59254D9C1F68E2EB00347BE9 /* Frameworks */ = {
			isa = PBXFrameworksBuildPhase;
			buildActionMask = 2147483647;
			files = (
			);
			runOnlyForDeploymentPostprocessing = 0;
		};
/* End PBXFrameworksBuildPhase section */

/* Begin PBXGroup section */
		59254D961F68E2EB00347BE9 = {
			isa = PBXGroup;
			children = (
				59254DA11F68E2EB00347BE9 /* CoderSwag */,
				59254DA01F68E2EB00347BE9 /* Products */,
			);
			sourceTree = "<group>";
		};
		59254DA01F68E2EB00347BE9 /* Products */ = {
			isa = PBXGroup;
			children = (
				59254D9F1F68E2EB00347BE9 /* CoderSwag.app */,
			);
			name = Products;
			sourceTree = "<group>";
		};
		59254DA11F68E2EB00347BE9 /* CoderSwag */ = {
			isa = PBXGroup;
			children = (
				59FE370C1F6C4B810065E82E /* Services */,
				59254DB71F68E98D00347BE9 /* Model */,
				59254DB61F68E98700347BE9 /* Controller */,
				59254DB51F68E97D00347BE9 /* View */,
				59254DB91F68EA6D00347BE9 /* Resources */,
			);
			path = CoderSwag;
			sourceTree = "<group>";
		};
		59254DB51F68E97D00347BE9 /* View */ = {
			isa = PBXGroup;
			children = (
				59254DA61F68E2EB00347BE9 /* Main.storyboard */,
				59254DBA1F68EA9500347BE9 /* CategoryTableViewCell.swift */,
				59D6CB6F1F6DB08F00E4CFA9 /* ProductCell.swift */,
			);
			path = View;
			sourceTree = "<group>";
		};
		59254DB61F68E98700347BE9 /* Controller */ = {
			isa = PBXGroup;
			children = (
				59254DA41F68E2EB00347BE9 /* CatergoriesVC.swift */,
			);
			path = Controller;
			sourceTree = "<group>";
		};
		59254DB71F68E98D00347BE9 /* Model */ = {
			isa = PBXGroup;
			children = (
				594D0F061F6A3CCB0069D1C9 /* Category.swift */,
				59D6CB711F6DBD2700E4CFA9 /* Product.swift */,
			);
			path = Model;
			sourceTree = "<group>";
		};
		59254DB91F68EA6D00347BE9 /* Resources */ = {
			isa = PBXGroup;
			children = (
				59254DA21F68E2EB00347BE9 /* AppDelegate.swift */,
				59254DA91F68E2EB00347BE9 /* Assets.xcassets */,
				59254DAB1F68E2EB00347BE9 /* LaunchScreen.storyboard */,
				59254DAE1F68E2EB00347BE9 /* Info.plist */,
			);
			path = Resources;
			sourceTree = "<group>";
		};
		59FE370C1F6C4B810065E82E /* Services */ = {
			isa = PBXGroup;
			children = (
				59FE370D1F6C4B910065E82E /* DataService.swift */,
			);
			path = Services;
			sourceTree = "<group>";
		};
/* End PBXGroup section */

/* Begin PBXNativeTarget section */
		59254D9E1F68E2EB00347BE9 /* CoderSwag */ = {
			isa = PBXNativeTarget;
			buildConfigurationList = 59254DB11F68E2EB00347BE9 /* Build configuration list for PBXNativeTarget "CoderSwag" */;
			buildPhases = (
				59254D9B1F68E2EB00347BE9 /* Sources */,
				59254D9C1F68E2EB00347BE9 /* Frameworks */,
				59254D9D1F68E2EB00347BE9 /* Resources */,
			);
			buildRules = (
			);
			dependencies = (
			);
			name = CoderSwag;
			productName = CoderSwag;
			productReference = 59254D9F1F68E2EB00347BE9 /* CoderSwag.app */;
			productType = "com.apple.product-type.application";
		};
/* End PBXNativeTarget section */

/* Begin PBXProject section */
		59254D971F68E2EB00347BE9 /* Project object */ = {
			isa = PBXProject;
			attributes = {
				LastSwiftUpdateCheck = 0900;
				LastUpgradeCheck = 0900;
				ORGANIZATIONNAME = JoseMelendez;
				TargetAttributes = {
					59254D9E1F68E2EB00347BE9 = {
						CreatedOnToolsVersion = 9.0;
						ProvisioningStyle = Automatic;
					};
				};
			};
			buildConfigurationList = 59254D9A1F68E2EB00347BE9 /* Build configuration list for PBXProject "CoderSwag" */;
			compatibilityVersion = "Xcode 8.0";
			developmentRegion = en;
			hasScannedForEncodings = 0;
			knownRegions = (
				en,
				Base,
			);
			mainGroup = 59254D961F68E2EB00347BE9;
			productRefGroup = 59254DA01F68E2EB00347BE9 /* Products */;
			projectDirPath = "";
			projectRoot = "";
			targets = (
				59254D9E1F68E2EB00347BE9 /* CoderSwag */,
			);
		};
/* End PBXProject section */

/* Begin PBXResourcesBuildPhase section */
		59254D9D1F68E2EB00347BE9 /* Resources */ = {
			isa = PBXResourcesBuildPhase;
			buildActionMask = 2147483647;
			files = (
				59254DAD1F68E2EB00347BE9 /* LaunchScreen.storyboard in Resources */,
				59254DAA1F68E2EB00347BE9 /* Assets.xcassets in Resources */,
				59254DA81F68E2EB00347BE9 /* Main.storyboard in Resources */,
			);
			runOnlyForDeploymentPostprocessing = 0;
		};
/* End PBXResourcesBuildPhase section */

/* Begin PBXSourcesBuildPhase section */
		59254D9B1F68E2EB00347BE9 /* Sources */ = {
			isa = PBXSourcesBuildPhase;
			buildActionMask = 2147483647;
			files = (
				59254DA51F68E2EB00347BE9 /* CatergoriesVC.swift in Sources */,
				59254DA31F68E2EB00347BE9 /* AppDelegate.swift in Sources */,
				59254DBB1F68EA9500347BE9 /* CategoryTableViewCell.swift in Sources */,
				59D6CB701F6DB08F00E4CFA9 /* ProductCell.swift in Sources */,
				594D0F071F6A3CCB0069D1C9 /* Category.swift in Sources */,
				59FE370E1F6C4B910065E82E /* DataService.swift in Sources */,
				59D6CB721F6DBD2700E4CFA9 /* Product.swift in Sources */,
			);
			runOnlyForDeploymentPostprocessing = 0;
		};
/* End PBXSourcesBuildPhase section */

/* Begin PBXVariantGroup section */
		59254DA61F68E2EB00347BE9 /* Main.storyboard */ = {
			isa = PBXVariantGroup;
			children = (
				59254DA71F68E2EB00347BE9 /* Base */,
			);
			name = Main.storyboard;
			sourceTree = "<group>";
		};
		59254DAB1F68E2EB00347BE9 /* LaunchScreen.storyboard */ = {
			isa = PBXVariantGroup;
			children = (
				59254DAC1F68E2EB00347BE9 /* Base */,
			);
			name = LaunchScreen.storyboard;
			sourceTree = "<group>";
		};
/* End PBXVariantGroup section */

/* Begin XCBuildConfiguration section */
		59254DAF1F68E2EB00347BE9 /* Debug */ = {
			isa = XCBuildConfiguration;
			buildSettings = {
				ALWAYS_SEARCH_USER_PATHS = NO;
				CLANG_ANALYZER_NONNULL = YES;
				CLANG_ANALYZER_NUMBER_OBJECT_CONVERSION = YES_AGGRESSIVE;
				CLANG_CXX_LANGUAGE_STANDARD = "gnu++14";
				CLANG_CXX_LIBRARY = "libc++";
				CLANG_ENABLE_MODULES = YES;
				CLANG_ENABLE_OBJC_ARC = YES;
				CLANG_WARN_BLOCK_CAPTURE_AUTORELEASING = YES;
				CLANG_WARN_BOOL_CONVERSION = YES;
				CLANG_WARN_COMMA = YES;
				CLANG_WARN_CONSTANT_CONVERSION = YES;
				CLANG_WARN_DIRECT_OBJC_ISA_USAGE = YES_ERROR;
				CLANG_WARN_DOCUMENTATION_COMMENTS = YES;
				CLANG_WARN_EMPTY_BODY = YES;
				CLANG_WARN_ENUM_CONVERSION = YES;
				CLANG_WARN_INFINITE_RECURSION = YES;
				CLANG_WARN_INT_CONVERSION = YES;
				CLANG_WARN_NON_LITERAL_NULL_CONVERSION = YES;
				CLANG_WARN_OBJC_LITERAL_CONVERSION = YES;
				CLANG_WARN_OBJC_ROOT_CLASS = YES_ERROR;
				CLANG_WARN_RANGE_LOOP_ANALYSIS = YES;
				CLANG_WARN_STRICT_PROTOTYPES = YES;
				CLANG_WARN_SUSPICIOUS_MOVE = YES;
				CLANG_WARN_UNGUARDED_AVAILABILITY = YES_AGGRESSIVE;
				CLANG_WARN_UNREACHABLE_CODE = YES;
				CLANG_WARN__DUPLICATE_METHOD_MATCH = YES;
				CODE_SIGN_IDENTITY = "iPhone Developer";
				COPY_PHASE_STRIP = NO;
				DEBUG_INFORMATION_FORMAT = dwarf;
				ENABLE_STRICT_OBJC_MSGSEND = YES;
				ENABLE_TESTABILITY = YES;
				GCC_C_LANGUAGE_STANDARD = gnu11;
				GCC_DYNAMIC_NO_PIC = NO;
				GCC_NO_COMMON_BLOCKS = YES;
				GCC_OPTIMIZATION_LEVEL = 0;
				GCC_PREPROCESSOR_DEFINITIONS = (
					"DEBUG=1",
					"$(inherited)",
				);
				GCC_WARN_64_TO_32_BIT_CONVERSION = YES;
				GCC_WARN_ABOUT_RETURN_TYPE = YES_ERROR;
				GCC_WARN_UNDECLARED_SELECTOR = YES;
				GCC_WARN_UNINITIALIZED_AUTOS = YES_AGGRESSIVE;
				GCC_WARN_UNUSED_FUNCTION = YES;
				GCC_WARN_UNUSED_VARIABLE = YES;
				IPHONEOS_DEPLOYMENT_TARGET = 11.0;
				MTL_ENABLE_DEBUG_INFO = YES;
				ONLY_ACTIVE_ARCH = YES;
				SDKROOT = iphoneos;
				SWIFT_ACTIVE_COMPILATION_CONDITIONS = DEBUG;
				SWIFT_OPTIMIZATION_LEVEL = "-Onone";
			};
			name = Debug;
		};
		59254DB01F68E2EB00347BE9 /* Release */ = {
			isa = XCBuildConfiguration;
			buildSettings = {
				ALWAYS_SEARCH_USER_PATHS = NO;
				CLANG_ANALYZER_NONNULL = YES;
				CLANG_ANALYZER_NUMBER_OBJECT_CONVERSION = YES_AGGRESSIVE;
				CLANG_CXX_LANGUAGE_STANDARD = "gnu++14";
				CLANG_CXX_LIBRARY = "libc++";
				CLANG_ENABLE_MODULES = YES;
				CLANG_ENABLE_OBJC_ARC = YES;
				CLANG_WARN_BLOCK_CAPTURE_AUTORELEASING = YES;
				CLANG_WARN_BOOL_CONVERSION = YES;
				CLANG_WARN_COMMA = YES;
				CLANG_WARN_CONSTANT_CONVERSION = YES;
				CLANG_WARN_DIRECT_OBJC_ISA_USAGE = YES_ERROR;
				CLANG_WARN_DOCUMENTATION_COMMENTS = YES;
				CLANG_WARN_EMPTY_BODY = YES;
				CLANG_WARN_ENUM_CONVERSION = YES;
				CLANG_WARN_INFINITE_RECURSION = YES;
				CLANG_WARN_INT_CONVERSION = YES;
				CLANG_WARN_NON_LITERAL_NULL_CONVERSION = YES;
				CLANG_WARN_OBJC_LITERAL_CONVERSION = YES;
				CLANG_WARN_OBJC_ROOT_CLASS = YES_ERROR;
				CLANG_WARN_RANGE_LOOP_ANALYSIS = YES;
				CLANG_WARN_STRICT_PROTOTYPES = YES;
				CLANG_WARN_SUSPICIOUS_MOVE = YES;
				CLANG_WARN_UNGUARDED_AVAILABILITY = YES_AGGRESSIVE;
				CLANG_WARN_UNREACHABLE_CODE = YES;
				CLANG_WARN__DUPLICATE_METHOD_MATCH = YES;
				CODE_SIGN_IDENTITY = "iPhone Developer";
				COPY_PHASE_STRIP = NO;
				DEBUG_INFORMATION_FORMAT = "dwarf-with-dsym";
				ENABLE_NS_ASSERTIONS = NO;
				ENABLE_STRICT_OBJC_MSGSEND = YES;
				GCC_C_LANGUAGE_STANDARD = gnu11;
				GCC_NO_COMMON_BLOCKS = YES;
				GCC_WARN_64_TO_32_BIT_CONVERSION = YES;
				GCC_WARN_ABOUT_RETURN_TYPE = YES_ERROR;
				GCC_WARN_UNDECLARED_SELECTOR = YES;
				GCC_WARN_UNINITIALIZED_AUTOS = YES_AGGRESSIVE;
				GCC_WARN_UNUSED_FUNCTION = YES;
				GCC_WARN_UNUSED_VARIABLE = YES;
				IPHONEOS_DEPLOYMENT_TARGET = 11.0;
				MTL_ENABLE_DEBUG_INFO = NO;
				SDKROOT = iphoneos;
				SWIFT_OPTIMIZATION_LEVEL = "-Owholemodule";
				VALIDATE_PRODUCT = YES;
			};
			name = Release;
		};
		59254DB21F68E2EB00347BE9 /* Debug */ = {
			isa = XCBuildConfiguration;
			buildSettings = {
				ASSETCATALOG_COMPILER_APPICON_NAME = AppIcon;
				CODE_SIGN_STYLE = Automatic;
				DEVELOPMENT_TEAM = GL34LYNV2E;
				INFOPLIST_FILE = "$(SRCROOT)/CoderSwag/Resources/Info.plist";
				IPHONEOS_DEPLOYMENT_TARGET = 10.3;
				LD_RUNPATH_SEARCH_PATHS = "$(inherited) @executable_path/Frameworks";
				PRODUCT_BUNDLE_IDENTIFIER = com.JoseMelendez.CoderSwag;
				PRODUCT_NAME = "$(TARGET_NAME)";
				SWIFT_VERSION = 4.0;
				TARGETED_DEVICE_FAMILY = "1,2";
			};
			name = Debug;
		};
		59254DB31F68E2EB00347BE9 /* Release */ = {
			isa = XCBuildConfiguration;
			buildSettings = {
				ASSETCATALOG_COMPILER_APPICON_NAME = AppIcon;
				CODE_SIGN_STYLE = Automatic;
				DEVELOPMENT_TEAM = GL34LYNV2E;
				INFOPLIST_FILE = "$(SRCROOT)/CoderSwag/Resources/Info.plist";
				IPHONEOS_DEPLOYMENT_TARGET = 10.3;
				LD_RUNPATH_SEARCH_PATHS = "$(inherited) @executable_path/Frameworks";
				PRODUCT_BUNDLE_IDENTIFIER = com.JoseMelendez.CoderSwag;
				PRODUCT_NAME = "$(TARGET_NAME)";
				SWIFT_VERSION = 4.0;
				TARGETED_DEVICE_FAMILY = "1,2";
			};
			name = Release;
		};
/* End XCBuildConfiguration section */

/* Begin XCConfigurationList section */
		59254D9A1F68E2EB00347BE9 /* Build configuration list for PBXProject "CoderSwag" */ = {
			isa = XCConfigurationList;
			buildConfigurations = (
				59254DAF1F68E2EB00347BE9 /* Debug */,
				59254DB01F68E2EB00347BE9 /* Release */,
			);
			defaultConfigurationIsVisible = 0;
			defaultConfigurationName = Release;
		};
		59254DB11F68E2EB00347BE9 /* Build configuration list for PBXNativeTarget "CoderSwag" */ = {
			isa = XCConfigurationList;
			buildConfigurations = (
				59254DB21F68E2EB00347BE9 /* Debug */,
				59254DB31F68E2EB00347BE9 /* Release */,
			);
			defaultConfigurationIsVisible = 0;
			defaultConfigurationName = Release;
		};
/* End XCConfigurationList section */
	};
	rootObject = 59254D971F68E2EB00347BE9 /* Project object */;
}
